
Microsoft Visual Studio Solution File, Format Version 12.00
# Visual Studio Version 16
VisualStudioVersion = 16.0.31005.135
MinimumVisualStudioVersion = 10.0.40219.1
Project("{FAE04EC0-301F-11D3-BF4B-00C04F79EFBC}") = "LR_5", "LR_5.csproj", "{462E6D4B-9BF2-4B40-B9E2-943E3107A006}"
EndProject
Global
	GlobalSection(SolutionConfigurationPlatforms) = preSolution
		Debug|Any CPU = Debug|Any CPU
		Release|Any CPU = Release|Any CPU
	EndGlobalSection
	GlobalSection(ProjectConfigurationPlatforms) = postSolution
		{462E6D4B-9BF2-4B40-B9E2-943E3107A006}.Debug|Any CPU.ActiveCfg = Debug|Any CPU
		{462E6D4B-9BF2-4B40-B9E2-943E3107A006}.Debug|Any CPU.Build.0 = Debug|Any CPU
		{462E6D4B-9BF2-4B40-B9E2-943E3107A006}.Release|Any CPU.ActiveCfg = Release|Any CPU
		{462E6D4B-9BF2-4B40-B9E2-943E3107A006}.Release|Any CPU.Build.0 = Release|Any CPU
	EndGlobalSection
	GlobalSection(SolutionProperties) = preSolution
		HideSolutionNode = FALSE
	EndGlobalSection
	GlobalSection(ExtensibilityGlobals) = postSolution
		SolutionGuid = {97366469-9E82-45DB-86D9-D6BD0264FBF9}
	EndGlobalSection
EndGlobal
